schema = 1

[llvm]
repository = "https://github.com/rust-lang/llvm-project.git"
revision = "16696adcd119e6ba9cc175207d984d7021211acb"
provenance = "Public rust-lang/llvm-project source revision used by Rust commit e457a7b0d"
public_output_allowed = true

[rust_toolchain]
commit_hash = "e457a7b0d326d67b4322ef0d11bd715cfaeda48f"

[llvm_tblgen]
name = "llvm-tblgen"
version_line = "LLVM version 23.1.0"
sha256 = "199fe46b773c4f5b38f3e365dea2408e0f344ce8873a14c7497549ff1c90a9ba"
enforce_sha256 = false
provenance = "Reference artifact built locally from the pinned public LLVM revision; its hash identifies that build, while dump hashes are the reproducibility gate"
built_from_llvm_revision = "16696adcd119e6ba9cc175207d984d7021211acb"

[[comparison_tools]]
name = "llvm-tblgen-22"
version_line = "Ubuntu LLVM version 22.1.7"
sha256 = "986d0d5a19e4f44086092adf9a54f13ad0058a60ac2adad7ba156a97eb01b046"
enforce_sha256 = false
provenance = "Ubuntu package binary used only for a byte-for-byte dump comparison; it reproduced the Intrinsics.td dump hash exactly. The NVPTX.td dump uses LLVM 23-only TableGen operators (!sort in Target.td) that pre-23 binaries reject, so no independent binary was available for that dump"

[dumps]
intrinsics_sha256 = "c0fb05eda32f2fe89ba600d4d2dc882e0bf54d5aa60b5e5f8601eb87a9881408"
nvptx_sha256 = "492011cd3c20fbd888a2fa05e7eb5d894c0db79270c5bf6dbda0b6648d3c6582"
normalized_imported_sha256 = "3f54245b231a5b6e19f3225710c3865b7e1a106242cce873250ef5fdc32e532e"
